hash: 00a7a08e5b094a25c86330c7c4536dbbcd00fc6a249afc0df14e8551cbfd5847
updated: 2017-10-16T19:37:53.751686106+08:00
imports:
- name: github.com/gogo/protobuf
  version: 342cbe0a04158f6dcb03ca0079991a51a4248c02
  subpackages:
  - io
  - proto
- name: github.com/gorilla/context
  version: 1ea25387ff6f684839d82767c1733ff4d4d15d0a
- name: github.com/gorilla/mux
  version: 24fca303ac6da784b9e8269f724ddeb0b2eea5e7
- name: github.com/jessevdk/go-flags
  version: 96dc06278ce32a0e9d957d590bb987c81ee66407
- name: github.com/opentracing/basictracer-go
  version: 1b32af207119a14b1b231d451df3ed04a72efebf
  subpackages:
  - wire
- name: github.com/opentracing/opentracing-go
  version: 1949ddbfd147afd4d964a9f00b24eb291e0e7c38
  subpackages:
  - ext
  - log
- name: github.com/sourcegraph/appdash-data
  version: 73f23eafcf67cad684fba328dd545a116ac273ff
- name: github.com/urfave/negroni
  version: fde5e16d32adc7ad637e9cd9ad21d4ebc6192535
- name: golang.org/x/net
  version: a04bdaca5b32abe1c069418fb7088ae607de5bd0
  subpackages:
  - context
testImports: []
